
Microsoft Visual Studio Solution File, Format Version 12.00
# Visual Studio Version 17
VisualStudioVersion = 17.11.35327.3
MinimumVisualStudioVersion = 10.0.40219.1
Project("{FAE04EC0-301F-11D3-BF4B-00C04F79EFBC}") = "CRUD_FSBR", "CRUD_FSBR.csproj", "{67DB5A1A-0BC2-4205-8EDB-D2A34CF3EE96}"
EndProject
Global
	GlobalSection(SolutionConfigurationPlatforms) = preSolution
		Debug|Any CPU = Debug|Any CPU
		Release|Any CPU = Release|Any CPU
	EndGlobalSection
	GlobalSection(ProjectConfigurationPlatforms) = postSolution
		{67DB5A1A-0BC2-4205-8EDB-D2A34CF3EE96}.Debug|Any CPU.ActiveCfg = Debug|Any CPU
		{67DB5A1A-0BC2-4205-8EDB-D2A34CF3EE96}.Debug|Any CPU.Build.0 = Debug|Any CPU
		{67DB5A1A-0BC2-4205-8EDB-D2A34CF3EE96}.Release|Any CPU.ActiveCfg = Release|Any CPU
		{67DB5A1A-0BC2-4205-8EDB-D2A34CF3EE96}.Release|Any CPU.Build.0 = Release|Any CPU
	EndGlobalSection
	GlobalSection(SolutionProperties) = preSolution
		HideSolutionNode = FALSE
	EndGlobalSection
	GlobalSection(ExtensibilityGlobals) = postSolution
		SolutionGuid = {A9FD399B-C47F-4FEB-AA84-29E0D1F6D6B6}
	EndGlobalSection
EndGlobal
